{
  "requires": true,
  "lockfileVersion": 1,
  "dependencies": {
    "findit": {
      "version": "2.0.0",
      "resolved": "https://registry.npmjs.org/findit/-/findit-2.0.0.tgz",
      "integrity": "sha1-ZQnwEmr0wXhVHPqZOU4DLhOk1W4="
    },
    "html-comment-regex": {
      "version": "1.1.2",
      "resolved": "https://registry.npmjs.org/html-comment-regex/-/html-comment-regex-1.1.2.tgz",
      "integrity": "sha512-P+M65QY2JQ5Y0G9KKdlDpo0zK+/OHptU5AaBwUfAIDJZk1MYf32Frm84EcOytfJE0t5JvkAnKlmjsXDnWzCJmQ=="
    },
    "is-svg": {
      "version": "4.2.1",
      "resolved": "https://registry.npmjs.org/is-svg/-/is-svg-4.2.1.tgz",
      "integrity": "sha512-PHx3ANecKsKNl5y5+Jvt53Y4J7MfMpbNZkv384QNiswMKAWIbvcqbPz+sYbFKJI8Xv3be01GSFniPmoaP+Ai5A==",
      "requires": {
        "html-comment-regex": "1.1.2"
      }
    },
    "string-similarity": {
      "version": "4.0.1",
      "resolved": "https://registry.npmjs.org/string-similarity/-/string-similarity-4.0.1.tgz",
      "integrity": "sha512-v36MJzloekKVvKAsYi6O/qpn2mIuvwEFIT9Gx3yg4spkNjXYsk7yxc37g4ZTyMVIBvt/9PZGxnqEtme8XHK+Mw=="
    }
  }
}
